// !$*UTF8*$!
{
	archiveVersion = 1;
	classes = {
	};
	objectVersion = 51;
	objects = {

/* Begin PBXBuildFile section */
		AC702F90264A7258007AB7A7 /* AppDelegate.swift in Sources */ = {isa = PBXBuildFile; fileRef = AC702F8F264A7258007AB7A7 /* AppDelegate.swift */; };
		AC702F92264A7258007AB7A7 /* SceneDelegate.swift in Sources */ = {isa = PBXBuildFile; fileRef = AC702F91264A7258007AB7A7 /* SceneDelegate.swift */; };
		AC702F94264A7258007AB7A7 /* ViewController.swift in Sources */ = {isa = PBXBuildFile; fileRef = AC702F93264A7258007AB7A7 /* ViewController.swift */; };
		AC702F97264A7258007AB7A7 /* Main.storyboard in Resources */ = {isa = PBXBuildFile; fileRef = AC702F95264A7258007AB7A7 /* Main.storyboard */; };
		AC702F99264A7259007AB7A7 /* Assets.xcassets in Resources */ = {isa = PBXBuildFile; fileRef = AC702F98264A7259007AB7A7 /* Assets.xcassets */; };
		AC702F9C264A7259007AB7A7 /* LaunchScreen.storyboard in Resources */ = {isa = PBXBuildFile; fileRef = AC702F9A264A7259007AB7A7 /* LaunchScreen.storyboard */; };
		AC702FA4264A727C007AB7A7 /* APICaller.swift in Sources */ = {isa = PBXBuildFile; fileRef = AC702FA3264A727C007AB7A7 /* APICaller.swift */; };
		AC702FA6264A77CB007AB7A7 /* CryptoTableViewCell.swift in Sources */ = {isa = PBXBuildFile; fileRef = AC702FA5264A77CB007AB7A7 /* CryptoTableViewCell.swift */; };
		AC702FA8264A84F2007AB7A7 /* Models.swift in Sources */ = {isa = PBXBuildFile; fileRef = AC702FA7264A84F2007AB7A7 /* Models.swift */; };
		FFB737572D84F46830B31AFC /* Pods_CryptoTrack.framework in Frameworks */ = {isa = PBXBuildFile; fileRef = 7A55F590A58C45158C165A0E /* Pods_CryptoTrack.framework */; };
/* End PBXBuildFile section */

/* Begin PBXFileReference section */
		5B687638F6071198985EB64E /* Pods-CryptoTrack.debug.xcconfig */ = {isa = PBXFileReference; includeInIndex = 1; lastKnownFileType = text.xcconfig; name = "Pods-CryptoTrack.debug.xcconfig"; path = "Target Support Files/Pods-CryptoTrack/Pods-CryptoTrack.debug.xcconfig"; sourceTree = "<group>"; };
		7A55F590A58C45158C165A0E /* Pods_CryptoTrack.framework */ = {isa = PBXFileReference; explicitFileType = wrapper.framework; includeInIndex = 0; path = Pods_CryptoTrack.framework; sourceTree = BUILT_PRODUCTS_DIR; };
		A1A700EB6DC7EE185BA747EE /* Pods-CryptoTrack.release.xcconfig */ = {isa = PBXFileReference; includeInIndex = 1; lastKnownFileType = text.xcconfig; name = "Pods-CryptoTrack.release.xcconfig"; path = "Target Support Files/Pods-CryptoTrack/Pods-CryptoTrack.release.xcconfig"; sourceTree = "<group>"; };
		AC702F8C264A7258007AB7A7 /* CryptoTrack.app */ = {isa = PBXFileReference; explicitFileType = wrapper.application; includeInIndex = 0; path = CryptoTrack.app; sourceTree = BUILT_PRODUCTS_DIR; };
		AC702F8F264A7258007AB7A7 /* AppDelegate.swift */ = {isa = PBXFileReference; lastKnownFileType = sourcecode.swift; path = AppDelegate.swift; sourceTree = "<group>"; };
		AC702F91264A7258007AB7A7 /* SceneDelegate.swift */ = {isa = PBXFileReference; lastKnownFileType = sourcecode.swift; path = SceneDelegate.swift; sourceTree = "<group>"; };
		AC702F93264A7258007AB7A7 /* ViewController.swift */ = {isa = PBXFileReference; lastKnownFileType = sourcecode.swift; path = ViewController.swift; sourceTree = "<group>"; };
		AC702F96264A7258007AB7A7 /* Base */ = {isa = PBXFileReference; lastKnownFileType = file.storyboard; name = Base; path = Base.lproj/Main.storyboard; sourceTree = "<group>"; };
		AC702F98264A7259007AB7A7 /* Assets.xcassets */ = {isa = PBXFileReference; lastKnownFileType = folder.assetcatalog; path = Assets.xcassets; sourceTree = "<group>"; };
		AC702F9B264A7259007AB7A7 /* Base */ = {isa = PBXFileReference; lastKnownFileType = file.storyboard; name = Base; path = Base.lproj/LaunchScreen.storyboard; sourceTree = "<group>"; };
		AC702F9D264A7259007AB7A7 /* Info.plist */ = {isa = PBXFileReference; lastKnownFileType = text.plist.xml; path = Info.plist; sourceTree = "<group>"; };
		AC702FA3264A727C007AB7A7 /* APICaller.swift */ = {isa = PBXFileReference; lastKnownFileType = sourcecode.swift; path = APICaller.swift; sourceTree = "<group>"; };
		AC702FA5264A77CB007AB7A7 /* CryptoTableViewCell.swift */ = {isa = PBXFileReference; lastKnownFileType = sourcecode.swift; path = CryptoTableViewCell.swift; sourceTree = "<group>"; };
		AC702FA7264A84F2007AB7A7 /* Models.swift */ = {isa = PBXFileReference; lastKnownFileType = sourcecode.swift; path = Models.swift; sourceTree = "<group>"; };
/* End PBXFileReference section */

/* Begin PBXFrameworksBuildPhase section */
		AC702F89264A7258007AB7A7 /* Frameworks */ = {
			isa = PBXFrameworksBuildPhase;
			buildActionMask = 2147483647;
			files = (
				FFB737572D84F46830B31AFC /* Pods_CryptoTrack.framework in Frameworks */,
			);
			runOnlyForDeploymentPostprocessing = 0;
		};
/* End PBXFrameworksBuildPhase section */

/* Begin PBXGroup section */
		4ADF31B18CD8528B47393A73 /* Frameworks */ = {
			isa = PBXGroup;
			children = (
				7A55F590A58C45158C165A0E /* Pods_CryptoTrack.framework */,
			);
			name = Frameworks;
			sourceTree = "<group>";
		};
		AC702F83264A7258007AB7A7 = {
			isa = PBXGroup;
			children = (
				AC702F8E264A7258007AB7A7 /* CryptoTrack */,
				AC702F8D264A7258007AB7A7 /* Products */,
				F31E1FEB8652B22197D8F58E /* Pods */,
				4ADF31B18CD8528B47393A73 /* Frameworks */,
			);
			sourceTree = "<group>";
		};
		AC702F8D264A7258007AB7A7 /* Products */ = {
			isa = PBXGroup;
			children = (
				AC702F8C264A7258007AB7A7 /* CryptoTrack.app */,
			);
			name = Products;
			sourceTree = "<group>";
		};
		AC702F8E264A7258007AB7A7 /* CryptoTrack */ = {
			isa = PBXGroup;
			children = (
				AC702F8F264A7258007AB7A7 /* AppDelegate.swift */,
				AC702F91264A7258007AB7A7 /* SceneDelegate.swift */,
				AC89F511264AD0070062BFCC /* Controller */,
				AC89F510264AD0010062BFCC /* View */,
				AC89F50E264ACFF40062BFCC /* Manager */,
				AC89F50F264ACFFA0062BFCC /* Model */,
				AC702F95264A7258007AB7A7 /* Main.storyboard */,
				AC702F98264A7259007AB7A7 /* Assets.xcassets */,
				AC702F9A264A7259007AB7A7 /* LaunchScreen.storyboard */,
				AC702F9D264A7259007AB7A7 /* Info.plist */,
			);
			path = CryptoTrack;
			sourceTree = "<group>";
		};
		AC89F50E264ACFF40062BFCC /* Manager */ = {
			isa = PBXGroup;
			children = (
				AC702FA3264A727C007AB7A7 /* APICaller.swift */,
			);
			path = Manager;
			sourceTree = "<group>";
		};
		AC89F50F264ACFFA0062BFCC /* Model */ = {
			isa = PBXGroup;
			children = (
				AC702FA7264A84F2007AB7A7 /* Models.swift */,
			);
			path = Model;
			sourceTree = "<group>";
		};
		AC89F510264AD0010062BFCC /* View */ = {
			isa = PBXGroup;
			children = (
				AC702FA5264A77CB007AB7A7 /* CryptoTableViewCell.swift */,
			);
			path = View;
			sourceTree = "<group>";
		};
		AC89F511264AD0070062BFCC /* Controller */ = {
			isa = PBXGroup;
			children = (
				AC702F93264A7258007AB7A7 /* ViewController.swift */,
			);
			path = Controller;
			sourceTree = "<group>";
		};
		F31E1FEB8652B22197D8F58E /* Pods */ = {
			isa = PBXGroup;
			children = (
				5B687638F6071198985EB64E /* Pods-CryptoTrack.debug.xcconfig */,
				A1A700EB6DC7EE185BA747EE /* Pods-CryptoTrack.release.xcconfig */,
			);
			path = Pods;
			sourceTree = "<group>";
		};
/* End PBXGroup section */

/* Begin PBXNativeTarget section */
		AC702F8B264A7258007AB7A7 /* CryptoTrack */ = {
			isa = PBXNativeTarget;
			buildConfigurationList = AC702FA0264A7259007AB7A7 /* Build configuration list for PBXNativeTarget "CryptoTrack" */;
			buildPhases = (
				5E167D2B823AAB4D8BA38874 /* [CP] Check Pods Manifest.lock */,
				AC702F88264A7258007AB7A7 /* Sources */,
				AC702F89264A7258007AB7A7 /* Frameworks */,
				AC702F8A264A7258007AB7A7 /* Resources */,
				3488AA7508BFADBAB705470C /* [CP] Embed Pods Frameworks */,
			);
			buildRules = (
			);
			dependencies = (
			);
			name = CryptoTrack;
			productName = CryptoTrack;
			productReference = AC702F8C264A7258007AB7A7 /* CryptoTrack.app */;
			productType = "com.apple.product-type.application";
		};
/* End PBXNativeTarget section */

/* Begin PBXProject section */
		AC702F84264A7258007AB7A7 /* Project object */ = {
			isa = PBXProject;
			attributes = {
				LastSwiftUpdateCheck = 1250;
				LastUpgradeCheck = 1250;
				TargetAttributes = {
					AC702F8B264A7258007AB7A7 = {
						CreatedOnToolsVersion = 12.5;
					};
				};
			};
			buildConfigurationList = AC702F87264A7258007AB7A7 /* Build configuration list for PBXProject "CryptoTrack" */;
			compatibilityVersion = "Xcode 9.3";
			developmentRegion = en;
			hasScannedForEncodings = 0;
			knownRegions = (
				en,
				Base,
			);
			mainGroup = AC702F83264A7258007AB7A7;
			productRefGroup = AC702F8D264A7258007AB7A7 /* Products */;
			projectDirPath = "";
			projectRoot = "";
			targets = (
				AC702F8B264A7258007AB7A7 /* CryptoTrack */,
			);
		};
/* End PBXProject section */

/* Begin PBXResourcesBuildPhase section */
		AC702F8A264A7258007AB7A7 /* Resources */ = {
			isa = PBXResourcesBuildPhase;
			buildActionMask = 2147483647;
			files = (
				AC702F9C264A7259007AB7A7 /* LaunchScreen.storyboard in Resources */,
				AC702F99264A7259007AB7A7 /* Assets.xcassets in Resources */,
				AC702F97264A7258007AB7A7 /* Main.storyboard in Resources */,
			);
			runOnlyForDeploymentPostprocessing = 0;
		};
/* End PBXResourcesBuildPhase section */

/* Begin PBXShellScriptBuildPhase section */
		3488AA7508BFADBAB705470C /* [CP] Embed Pods Frameworks */ = {
			isa = PBXShellScriptBuildPhase;
			buildActionMask = 2147483647;
			files = (
			);
			inputFileListPaths = (
				"${PODS_ROOT}/Target Support Files/Pods-CryptoTrack/Pods-CryptoTrack-frameworks-${CONFIGURATION}-input-files.xcfilelist",
			);
			name = "[CP] Embed Pods Frameworks";
			outputFileListPaths = (
				"${PODS_ROOT}/Target Support Files/Pods-CryptoTrack/Pods-CryptoTrack-frameworks-${CONFIGURATION}-output-files.xcfilelist",
			);
			runOnlyForDeploymentPostprocessing = 0;
			shellPath = /bin/sh;
			shellScript = "\"${PODS_ROOT}/Target Support Files/Pods-CryptoTrack/Pods-CryptoTrack-frameworks.sh\"\n";
			showEnvVarsInLog = 0;
		};
		5E167D2B823AAB4D8BA38874 /* [CP] Check Pods Manifest.lock */ = {
			isa = PBXShellScriptBuildPhase;
			buildActionMask = 2147483647;
			files = (
			);
			inputFileListPaths = (
			);
			inputPaths = (
				"${PODS_PODFILE_DIR_PATH}/Podfile.lock",
				"${PODS_ROOT}/Manifest.lock",
			);
			name = "[CP] Check Pods Manifest.lock";
			outputFileListPaths = (
			);
			outputPaths = (
				"$(DERIVED_FILE_DIR)/Pods-CryptoTrack-checkManifestLockResult.txt",
			);
			runOnlyForDeploymentPostprocessing = 0;
			shellPath = /bin/sh;
			shellScript = "diff \"${PODS_PODFILE_DIR_PATH}/Podfile.lock\" \"${PODS_ROOT}/Manifest.lock\" > /dev/null\nif [ $? != 0 ] ; then\n    # print error to STDERR\n    echo \"error: The sandbox is not in sync with the Podfile.lock. Run 'pod install' or update your CocoaPods installation.\" >&2\n    exit 1\nfi\n# This output is used by Xcode 'outputs' to avoid re-running this script phase.\necho \"SUCCESS\" > \"${SCRIPT_OUTPUT_FILE_0}\"\n";
			showEnvVarsInLog = 0;
		};
/* End PBXShellScriptBuildPhase section */

/* Begin PBXSourcesBuildPhase section */
		AC702F88264A7258007AB7A7 /* Sources */ = {
			isa = PBXSourcesBuildPhase;
			buildActionMask = 2147483647;
			files = (
				AC702F94264A7258007AB7A7 /* ViewController.swift in Sources */,
				AC702F90264A7258007AB7A7 /* AppDelegate.swift in Sources */,
				AC702F92264A7258007AB7A7 /* SceneDelegate.swift in Sources */,
				AC702FA8264A84F2007AB7A7 /* Models.swift in Sources */,
				AC702FA6264A77CB007AB7A7 /* CryptoTableViewCell.swift in Sources */,
				AC702FA4264A727C007AB7A7 /* APICaller.swift in Sources */,
			);
			runOnlyForDeploymentPostprocessing = 0;
		};
/* End PBXSourcesBuildPhase section */

/* Begin PBXVariantGroup section */
		AC702F95264A7258007AB7A7 /* Main.storyboard */ = {
			isa = PBXVariantGroup;
			children = (
				AC702F96264A7258007AB7A7 /* Base */,
			);
			name = Main.storyboard;
			sourceTree = "<group>";
		};
		AC702F9A264A7259007AB7A7 /* LaunchScreen.storyboard */ = {
			isa = PBXVariantGroup;
			children = (
				AC702F9B264A7259007AB7A7 /* Base */,
			);
			name = LaunchScreen.storyboard;
			sourceTree = "<group>";
		};
/* End PBXVariantGroup section */

/* Begin XCBuildConfiguration section */
		AC702F9E264A7259007AB7A7 /* Debug */ = {
			isa = XCBuildConfiguration;
			buildSettings = {
				ALWAYS_SEARCH_USER_PATHS = NO;
				CLANG_ANALYZER_NONNULL = YES;
				CLANG_ANALYZER_NUMBER_OBJECT_CONVERSION = YES_AGGRESSIVE;
				CLANG_CXX_LANGUAGE_STANDARD = "gnu++14";
				CLANG_CXX_LIBRARY = "libc++";
				CLANG_ENABLE_MODULES = YES;
				CLANG_ENABLE_OBJC_ARC = YES;
				CLANG_ENABLE_OBJC_WEAK = YES;
				CLANG_WARN_BLOCK_CAPTURE_AUTORELEASING = YES;
				CLANG_WARN_BOOL_CONVERSION = YES;
				CLANG_WARN_COMMA = YES;
				CLANG_WARN_CONSTANT_CONVERSION = YES;
				CLANG_WARN_DEPRECATED_OBJC_IMPLEMENTATIONS = YES;
				CLANG_WARN_DIRECT_OBJC_ISA_USAGE = YES_ERROR;
				CLANG_WARN_DOCUMENTATION_COMMENTS = YES;
				CLANG_WARN_EMPTY_BODY = YES;
				CLANG_WARN_ENUM_CONVERSION = YES;
				CLANG_WARN_INFINITE_RECURSION = YES;
				CLANG_WARN_INT_CONVERSION = YES;
				CLANG_WARN_NON_LITERAL_NULL_CONVERSION = YES;
				CLANG_WARN_OBJC_IMPLICIT_RETAIN_SELF = YES;
				CLANG_WARN_OBJC_LITERAL_CONVERSION = YES;
				CLANG_WARN_OBJC_ROOT_CLASS = YES_ERROR;
				CLANG_WARN_QUOTED_INCLUDE_IN_FRAMEWORK_HEADER = YES;
				CLANG_WARN_RANGE_LOOP_ANALYSIS = YES;
				CLANG_WARN_STRICT_PROTOTYPES = YES;
				CLANG_WARN_SUSPICIOUS_MOVE = YES;
				CLANG_WARN_UNGUARDED_AVAILABILITY = YES_AGGRESSIVE;
				CLANG_WARN_UNREACHABLE_CODE = YES;
				CLANG_WARN__DUPLICATE_METHOD_MATCH = YES;
				COPY_PHASE_STRIP = NO;
				DEBUG_INFORMATION_FORMAT = dwarf;
				ENABLE_STRICT_OBJC_MSGSEND = YES;
				ENABLE_TESTABILITY = YES;
				GCC_C_LANGUAGE_STANDARD = gnu11;
				GCC_DYNAMIC_NO_PIC = NO;
				GCC_NO_COMMON_BLOCKS = YES;
				GCC_OPTIMIZATION_LEVEL = 0;
				GCC_PREPROCESSOR_DEFINITIONS = (
					"DEBUG=1",
					"$(inherited)",
				);
				GCC_WARN_64_TO_32_BIT_CONVERSION = YES;
				GCC_WARN_ABOUT_RETURN_TYPE = YES_ERROR;
				GCC_WARN_UNDECLARED_SELECTOR = YES;
				GCC_WARN_UNINITIALIZED_AUTOS = YES_AGGRESSIVE;
				GCC_WARN_UNUSED_FUNCTION = YES;
				GCC_WARN_UNUSED_VARIABLE = YES;
				IPHONEOS_DEPLOYMENT_TARGET = 14.5;
				MTL_ENABLE_DEBUG_INFO = INCLUDE_SOURCE;
				MTL_FAST_MATH = YES;
				ONLY_ACTIVE_ARCH = YES;
				SDKROOT = iphoneos;
				SWIFT_ACTIVE_COMPILATION_CONDITIONS = DEBUG;
				SWIFT_OPTIMIZATION_LEVEL = "-Onone";
			};
			name = Debug;
		};
		AC702F9F264A7259007AB7A7 /* Release */ = {
			isa = XCBuildConfiguration;
			buildSettings = {
				ALWAYS_SEARCH_USER_PATHS = NO;
				CLANG_ANALYZER_NONNULL = YES;
				CLANG_ANALYZER_NUMBER_OBJECT_CONVERSION = YES_AGGRESSIVE;
				CLANG_CXX_LANGUAGE_STANDARD = "gnu++14";
				CLANG_CXX_LIBRARY = "libc++";
				CLANG_ENABLE_MODULES = YES;
				CLANG_ENABLE_OBJC_ARC = YES;
				CLANG_ENABLE_OBJC_WEAK = YES;
				CLANG_WARN_BLOCK_CAPTURE_AUTORELEASING = YES;
				CLANG_WARN_BOOL_CONVERSION = YES;
				CLANG_WARN_COMMA = YES;
				CLANG_WARN_CONSTANT_CONVERSION = YES;
				CLANG_WARN_DEPRECATED_OBJC_IMPLEMENTATIONS = YES;
				CLANG_WARN_DIRECT_OBJC_ISA_USAGE = YES_ERROR;
				CLANG_WARN_DOCUMENTATION_COMMENTS = YES;
				CLANG_WARN_EMPTY_BODY = YES;
				CLANG_WARN_ENUM_CONVERSION = YES;
				CLANG_WARN_INFINITE_RECURSION = YES;
				CLANG_WARN_INT_CONVERSION = YES;
				CLANG_WARN_NON_LITERAL_NULL_CONVERSION = YES;
				CLANG_WARN_OBJC_IMPLICIT_RETAIN_SELF = YES;
				CLANG_WARN_OBJC_LITERAL_CONVERSION = YES;
				CLANG_WARN_OBJC_ROOT_CLASS = YES_ERROR;
				CLANG_WARN_QUOTED_INCLUDE_IN_FRAMEWORK_HEADER = YES;
				CLANG_WARN_RANGE_LOOP_ANALYSIS = YES;
				CLANG_WARN_STRICT_PROTOTYPES = YES;
				CLANG_WARN_SUSPICIOUS_MOVE = YES;
				CLANG_WARN_UNGUARDED_AVAILABILITY = YES_AGGRESSIVE;
				CLANG_WARN_UNREACHABLE_CODE = YES;
				CLANG_WARN__DUPLICATE_METHOD_MATCH = YES;
				COPY_PHASE_STRIP = NO;
				DEBUG_INFORMATION_FORMAT = "dwarf-with-dsym";
				ENABLE_NS_ASSERTIONS = NO;
				ENABLE_STRICT_OBJC_MSGSEND = YES;
				GCC_C_LANGUAGE_STANDARD = gnu11;
				GCC_NO_COMMON_BLOCKS = YES;
				GCC_WARN_64_TO_32_BIT_CONVERSION = YES;
				GCC_WARN_ABOUT_RETURN_TYPE = YES_ERROR;
				GCC_WARN_UNDECLARED_SELECTOR = YES;
				GCC_WARN_UNINITIALIZED_AUTOS = YES_AGGRESSIVE;
				GCC_WARN_UNUSED_FUNCTION = YES;
				GCC_WARN_UNUSED_VARIABLE = YES;
				IPHONEOS_DEPLOYMENT_TARGET = 14.5;
				MTL_ENABLE_DEBUG_INFO = NO;
				MTL_FAST_MATH = YES;
				SDKROOT = iphoneos;
				SWIFT_COMPILATION_MODE = wholemodule;
				SWIFT_OPTIMIZATION_LEVEL = "-O";
				VALIDATE_PRODUCT = YES;
			};
			name = Release;
		};
		AC702FA1264A7259007AB7A7 /* Debug */ = {
			isa = XCBuildConfiguration;
			baseConfigurationReference = 5B687638F6071198985EB64E /* Pods-CryptoTrack.debug.xcconfig */;
			buildSettings = {
				ASSETCATALOG_COMPILER_APPICON_NAME = AppIcon;
				ASSETCATALOG_COMPILER_GLOBAL_ACCENT_COLOR_NAME = AccentColor;
				CODE_SIGN_STYLE = Automatic;
				DEVELOPMENT_TEAM = YTHC5U3V42;
				INFOPLIST_FILE = CryptoTrack/Info.plist;
				LD_RUNPATH_SEARCH_PATHS = (
					"$(inherited)",
					"@executable_path/Frameworks",
				);
				PRODUCT_BUNDLE_IDENTIFIER = Salmik.CryptoTrack;
				PRODUCT_NAME = "$(TARGET_NAME)";
				SWIFT_VERSION = 5.0;
				TARGETED_DEVICE_FAMILY = 1;
			};
			name = Debug;
		};
		AC702FA2264A7259007AB7A7 /* Release */ = {
			isa = XCBuildConfiguration;
			baseConfigurationReference = A1A700EB6DC7EE185BA747EE /* Pods-CryptoTrack.release.xcconfig */;
			buildSettings = {
				ASSETCATALOG_COMPILER_APPICON_NAME = AppIcon;
				ASSETCATALOG_COMPILER_GLOBAL_ACCENT_COLOR_NAME = AccentColor;
				CODE_SIGN_STYLE = Automatic;
				DEVELOPMENT_TEAM = YTHC5U3V42;
				INFOPLIST_FILE = CryptoTrack/Info.plist;
				LD_RUNPATH_SEARCH_PATHS = (
					"$(inherited)",
					"@executable_path/Frameworks",
				);
				PRODUCT_BUNDLE_IDENTIFIER = Salmik.CryptoTrack;
				PRODUCT_NAME = "$(TARGET_NAME)";
				SWIFT_VERSION = 5.0;
				TARGETED_DEVICE_FAMILY = 1;
			};
			name = Release;
		};
/* End XCBuildConfiguration section */

/* Begin XCConfigurationList section */
		AC702F87264A7258007AB7A7 /* Build configuration list for PBXProject "CryptoTrack" */ = {
			isa = XCConfigurationList;
			buildConfigurations = (
				AC702F9E264A7259007AB7A7 /* Debug */,
				AC702F9F264A7259007AB7A7 /* Release */,
			);
			defaultConfigurationIsVisible = 0;
			defaultConfigurationName = Release;
		};
		AC702FA0264A7259007AB7A7 /* Build configuration list for PBXNativeTarget "CryptoTrack" */ = {
			isa = XCConfigurationList;
			buildConfigurations = (
				AC702FA1264A7259007AB7A7 /* Debug */,
				AC702FA2264A7259007AB7A7 /* Release */,
			);
			defaultConfigurationIsVisible = 0;
			defaultConfigurationName = Release;
		};
/* End XCConfigurationList section */
	};
	rootObject = AC702F84264A7258007AB7A7 /* Project object */;
}
